
Microsoft Visual Studio Solution File, Format Version 12.00
# Visual Studio 15
VisualStudioVersion = 15.0.26730.15
MinimumVisualStudioVersion = 10.0.40219.1
Project("{8BC9CEB8-8B4A-11D0-8D11-00A0C91BC942}") = "CEIS400_EquipmentCheckoutSystem", "CEIS400_EquipmentCheckoutSystem\CEIS400_EquipmentCheckoutSystem.vcxproj", "{2DBDC9D0-3F14-4CBA-AECB-CC9E27D15A34}"
EndProject
Global
	GlobalSection(SolutionConfigurationPlatforms) = preSolution
		Debug|x64 = Debug|x64
		Debug|x86 = Debug|x86
		Release|x64 = Release|x64
		Release|x86 = Release|x86
	EndGlobalSection
	GlobalSection(ProjectConfigurationPlatforms) = postSolution
		{2DBDC9D0-3F14-4CBA-AECB-CC9E27D15A34}.Debug|x64.ActiveCfg = Debug|x64
		{2DBDC9D0-3F14-4CBA-AECB-CC9E27D15A34}.Debug|x64.Build.0 = Debug|x64
		{2DBDC9D0-3F14-4CBA-AECB-CC9E27D15A34}.Debug|x86.ActiveCfg = Debug|Win32
		{2DBDC9D0-3F14-4CBA-AECB-CC9E27D15A34}.Debug|x86.Build.0 = Debug|Win32
		{2DBDC9D0-3F14-4CBA-AECB-CC9E27D15A34}.Release|x64.ActiveCfg = Release|x64
		{2DBDC9D0-3F14-4CBA-AECB-CC9E27D15A34}.Release|x64.Build.0 = Release|x64
		{2DBDC9D0-3F14-4CBA-AECB-CC9E27D15A34}.Release|x86.ActiveCfg = Release|Win32
		{2DBDC9D0-3F14-4CBA-AECB-CC9E27D15A34}.Release|x86.Build.0 = Release|Win32
	EndGlobalSection
	GlobalSection(SolutionProperties) = preSolution
		HideSolutionNode = FALSE
	EndGlobalSection
	GlobalSection(ExtensibilityGlobals) = postSolution
		SolutionGuid = {F7934BC0-373B-4460-9A1E-9BB096792927}
	EndGlobalSection
EndGlobal
